// !$*UTF8*$!
{
	archiveVersion = 1;
	classes = {
	};
	objectVersion = 46;
	objects = {

/* Begin PBXBuildFile section */
		2C6C92FC15E17AFA11CBD79F /* Pods_TellMe.framework in Frameworks */ = {isa = PBXBuildFile; fileRef = 67ACB9175603703E64D7C75A /* Pods_TellMe.framework */; };
		9678E1A51DE0D1A9002ED21A /* main.m in Sources */ = {isa = PBXBuildFile; fileRef = 9678E1A41DE0D1A9002ED21A /* main.m */; };
		9678E1A81DE0D1A9002ED21A /* AppDelegate.m in Sources */ = {isa = PBXBuildFile; fileRef = 9678E1A71DE0D1A9002ED21A /* AppDelegate.m */; };
		9678E1AE1DE0D1A9002ED21A /* Main.storyboard in Resources */ = {isa = PBXBuildFile; fileRef = 9678E1AC1DE0D1A9002ED21A /* Main.storyboard */; };
		9678E1B01DE0D1A9002ED21A /* Assets.xcassets in Resources */ = {isa = PBXBuildFile; fileRef = 9678E1AF1DE0D1A9002ED21A /* Assets.xcassets */; };
		9678E1B31DE0D1A9002ED21A /* LaunchScreen.storyboard in Resources */ = {isa = PBXBuildFile; fileRef = 9678E1B11DE0D1A9002ED21A /* LaunchScreen.storyboard */; };
		9678E1BC1DE0D684002ED21A /* NotificationTableViewController.m in Sources */ = {isa = PBXBuildFile; fileRef = 9678E1BB1DE0D684002ED21A /* NotificationTableViewController.m */; };
		9678E1BF1DE0D697002ED21A /* OkayTableViewController.m in Sources */ = {isa = PBXBuildFile; fileRef = 9678E1BE1DE0D697002ED21A /* OkayTableViewController.m */; };
		9678E1C21DE0D6B0002ED21A /* NotOkayTableViewController.m in Sources */ = {isa = PBXBuildFile; fileRef = 9678E1C11DE0D6B0002ED21A /* NotOkayTableViewController.m */; };
		9678E1DD1DE104F1002ED21A /* StoreHelper.m in Sources */ = {isa = PBXBuildFile; fileRef = 9678E1DC1DE104F1002ED21A /* StoreHelper.m */; };
		9678E1DF1DE11C7D002ED21A /* UserNotifications.framework in Frameworks */ = {isa = PBXBuildFile; fileRef = 9678E1DE1DE11C7D002ED21A /* UserNotifications.framework */; };
		9678E1E31DE131ED002ED21A /* UIView+Toast.m in Sources */ = {isa = PBXBuildFile; fileRef = 9678E1E21DE131ED002ED21A /* UIView+Toast.m */; };
		9678E1E51DE134B5002ED21A /* QuartzCore.framework in Frameworks */ = {isa = PBXBuildFile; fileRef = 9678E1E41DE134B5002ED21A /* QuartzCore.framework */; };
/* End PBXBuildFile section */

/* Begin PBXFileReference section */
		67ACB9175603703E64D7C75A /* Pods_TellMe.framework */ = {isa = PBXFileReference; explicitFileType = wrapper.framework; includeInIndex = 0; path = Pods_TellMe.framework; sourceTree = BUILT_PRODUCTS_DIR; };
		9678E1A01DE0D1A9002ED21A /* TellMe.app */ = {isa = PBXFileReference; explicitFileType = wrapper.application; includeInIndex = 0; path = TellMe.app; sourceTree = BUILT_PRODUCTS_DIR; };
		9678E1A41DE0D1A9002ED21A /* main.m */ = {isa = PBXFileReference; lastKnownFileType = sourcecode.c.objc; path = main.m; sourceTree = "<group>"; };
		9678E1A61DE0D1A9002ED21A /* AppDelegate.h */ = {isa = PBXFileReference; lastKnownFileType = sourcecode.c.h; path = AppDelegate.h; sourceTree = "<group>"; };
		9678E1A71DE0D1A9002ED21A /* AppDelegate.m */ = {isa = PBXFileReference; lastKnownFileType = sourcecode.c.objc; path = AppDelegate.m; sourceTree = "<group>"; };
		9678E1AD1DE0D1A9002ED21A /* Base */ = {isa = PBXFileReference; lastKnownFileType = file.storyboard; name = Base; path = Base.lproj/Main.storyboard; sourceTree = "<group>"; };
		9678E1AF1DE0D1A9002ED21A /* Assets.xcassets */ = {isa = PBXFileReference; lastKnownFileType = folder.assetcatalog; path = Assets.xcassets; sourceTree = "<group>"; };
		9678E1B21DE0D1A9002ED21A /* Base */ = {isa = PBXFileReference; lastKnownFileType = file.storyboard; name = Base; path = Base.lproj/LaunchScreen.storyboard; sourceTree = "<group>"; };
		9678E1B41DE0D1A9002ED21A /* Info.plist */ = {isa = PBXFileReference; lastKnownFileType = text.plist.xml; path = Info.plist; sourceTree = "<group>"; };
		9678E1BA1DE0D684002ED21A /* NotificationTableViewController.h */ = {isa = PBXFileReference; fileEncoding = 4; lastKnownFileType = sourcecode.c.h; path = NotificationTableViewController.h; sourceTree = "<group>"; };
		9678E1BB1DE0D684002ED21A /* NotificationTableViewController.m */ = {isa = PBXFileReference; fileEncoding = 4; lastKnownFileType = sourcecode.c.objc; path = NotificationTableViewController.m; sourceTree = "<group>"; };
		9678E1BD1DE0D697002ED21A /* OkayTableViewController.h */ = {isa = PBXFileReference; fileEncoding = 4; lastKnownFileType = sourcecode.c.h; path = OkayTableViewController.h; sourceTree = "<group>"; };
		9678E1BE1DE0D697002ED21A /* OkayTableViewController.m */ = {isa = PBXFileReference; fileEncoding = 4; lastKnownFileType = sourcecode.c.objc; path = OkayTableViewController.m; sourceTree = "<group>"; };
		9678E1C01DE0D6B0002ED21A /* NotOkayTableViewController.h */ = {isa = PBXFileReference; fileEncoding = 4; lastKnownFileType = sourcecode.c.h; path = NotOkayTableViewController.h; sourceTree = "<group>"; };
		9678E1C11DE0D6B0002ED21A /* NotOkayTableViewController.m */ = {isa = PBXFileReference; fileEncoding = 4; lastKnownFileType = sourcecode.c.objc; path = NotOkayTableViewController.m; sourceTree = "<group>"; };
		9678E1C41DE0E89C002ED21A /* AppDefines.h */ = {isa = PBXFileReference; fileEncoding = 4; lastKnownFileType = sourcecode.c.h; path = AppDefines.h; sourceTree = "<group>"; };
		9678E1DB1DE104F1002ED21A /* StoreHelper.h */ = {isa = PBXFileReference; fileEncoding = 4; lastKnownFileType = sourcecode.c.h; path = StoreHelper.h; sourceTree = "<group>"; };
		9678E1DC1DE104F1002ED21A /* StoreHelper.m */ = {isa = PBXFileReference; fileEncoding = 4; lastKnownFileType = sourcecode.c.objc; path = StoreHelper.m; sourceTree = "<group>"; };
		9678E1DE1DE11C7D002ED21A /* UserNotifications.framework */ = {isa = PBXFileReference; lastKnownFileType = wrapper.framework; name = UserNotifications.framework; path = System/Library/Frameworks/UserNotifications.framework; sourceTree = SDKROOT; };
		9678E1E11DE131ED002ED21A /* UIView+Toast.h */ = {isa = PBXFileReference; fileEncoding = 4; lastKnownFileType = sourcecode.c.h; path = "UIView+Toast.h"; sourceTree = "<group>"; };
		9678E1E21DE131ED002ED21A /* UIView+Toast.m */ = {isa = PBXFileReference; fileEncoding = 4; lastKnownFileType = sourcecode.c.objc; path = "UIView+Toast.m"; sourceTree = "<group>"; };
		9678E1E41DE134B5002ED21A /* QuartzCore.framework */ = {isa = PBXFileReference; lastKnownFileType = wrapper.framework; name = QuartzCore.framework; path = System/Library/Frameworks/QuartzCore.framework; sourceTree = SDKROOT; };
		97408AA68A349FE858DF3AF1 /* Pods-TellMe.debug.xcconfig */ = {isa = PBXFileReference; includeInIndex = 1; lastKnownFileType = text.xcconfig; name = "Pods-TellMe.debug.xcconfig"; path = "Pods/Target Support Files/Pods-TellMe/Pods-TellMe.debug.xcconfig"; sourceTree = "<group>"; };
		AA752C7CD99359E43BFA6899 /* Pods-TellMe.release.xcconfig */ = {isa = PBXFileReference; includeInIndex = 1; lastKnownFileType = text.xcconfig; name = "Pods-TellMe.release.xcconfig"; path = "Pods/Target Support Files/Pods-TellMe/Pods-TellMe.release.xcconfig"; sourceTree = "<group>"; };
/* End PBXFileReference section */

/* Begin PBXFrameworksBuildPhase section */
		9678E19D1DE0D1A9002ED21A /* Frameworks */ = {
			isa = PBXFrameworksBuildPhase;
			buildActionMask = 2147483647;
			files = (
				9678E1E51DE134B5002ED21A /* QuartzCore.framework in Frameworks */,
				9678E1DF1DE11C7D002ED21A /* UserNotifications.framework in Frameworks */,
				2C6C92FC15E17AFA11CBD79F /* Pods_TellMe.framework in Frameworks */,
			);
			runOnlyForDeploymentPostprocessing = 0;
		};
/* End PBXFrameworksBuildPhase section */

/* Begin PBXGroup section */
		5AB1A9FA70B2CF54D59B0A24 /* Pods */ = {
			isa = PBXGroup;
			children = (
				97408AA68A349FE858DF3AF1 /* Pods-TellMe.debug.xcconfig */,
				AA752C7CD99359E43BFA6899 /* Pods-TellMe.release.xcconfig */,
			);
			name = Pods;
			sourceTree = "<group>";
		};
		9678E1971DE0D1A9002ED21A = {
			isa = PBXGroup;
			children = (
				9678E1A21DE0D1A9002ED21A /* TellMe */,
				9678E1A11DE0D1A9002ED21A /* Products */,
				5AB1A9FA70B2CF54D59B0A24 /* Pods */,
				CA7C825F5EDE2CF89AF04141 /* Frameworks */,
			);
			sourceTree = "<group>";
		};
		9678E1A11DE0D1A9002ED21A /* Products */ = {
			isa = PBXGroup;
			children = (
				9678E1A01DE0D1A9002ED21A /* TellMe.app */,
			);
			name = Products;
			sourceTree = "<group>";
		};
		9678E1A21DE0D1A9002ED21A /* TellMe */ = {
			isa = PBXGroup;
			children = (
				9678E1E01DE131BC002ED21A /* Toast */,
				9678E1AC1DE0D1A9002ED21A /* Main.storyboard */,
				9678E1AF1DE0D1A9002ED21A /* Assets.xcassets */,
				9678E1B11DE0D1A9002ED21A /* LaunchScreen.storyboard */,
				9678E1B41DE0D1A9002ED21A /* Info.plist */,
				9678E1A31DE0D1A9002ED21A /* Supporting Files */,
				9678E1BA1DE0D684002ED21A /* NotificationTableViewController.h */,
				9678E1BB1DE0D684002ED21A /* NotificationTableViewController.m */,
				9678E1BD1DE0D697002ED21A /* OkayTableViewController.h */,
				9678E1BE1DE0D697002ED21A /* OkayTableViewController.m */,
				9678E1C01DE0D6B0002ED21A /* NotOkayTableViewController.h */,
				9678E1C11DE0D6B0002ED21A /* NotOkayTableViewController.m */,
				9678E1DB1DE104F1002ED21A /* StoreHelper.h */,
				9678E1DC1DE104F1002ED21A /* StoreHelper.m */,
			);
			path = TellMe;
			sourceTree = "<group>";
		};
		9678E1A31DE0D1A9002ED21A /* Supporting Files */ = {
			isa = PBXGroup;
			children = (
				9678E1C41DE0E89C002ED21A /* AppDefines.h */,
				9678E1A61DE0D1A9002ED21A /* AppDelegate.h */,
				9678E1A71DE0D1A9002ED21A /* AppDelegate.m */,
				9678E1A41DE0D1A9002ED21A /* main.m */,
			);
			name = "Supporting Files";
			sourceTree = "<group>";
		};
		9678E1E01DE131BC002ED21A /* Toast */ = {
			isa = PBXGroup;
			children = (
				9678E1E11DE131ED002ED21A /* UIView+Toast.h */,
				9678E1E21DE131ED002ED21A /* UIView+Toast.m */,
			);
			name = Toast;
			sourceTree = "<group>";
		};
		CA7C825F5EDE2CF89AF04141 /* Frameworks */ = {
			isa = PBXGroup;
			children = (
				9678E1E41DE134B5002ED21A /* QuartzCore.framework */,
				9678E1DE1DE11C7D002ED21A /* UserNotifications.framework */,
				67ACB9175603703E64D7C75A /* Pods_TellMe.framework */,
			);
			name = Frameworks;
			sourceTree = "<group>";
		};
/* End PBXGroup section */

/* Begin PBXNativeTarget section */
		9678E19F1DE0D1A9002ED21A /* TellMe */ = {
			isa = PBXNativeTarget;
			buildConfigurationList = 9678E1B71DE0D1A9002ED21A /* Build configuration list for PBXNativeTarget "TellMe" */;
			buildPhases = (
				D87BDA40F8BF703F3758CBC2 /* [CP] Check Pods Manifest.lock */,
				9678E19C1DE0D1A9002ED21A /* Sources */,
				9678E19D1DE0D1A9002ED21A /* Frameworks */,
				9678E19E1DE0D1A9002ED21A /* Resources */,
				CDA76B59317559B462E5F8DA /* [CP] Embed Pods Frameworks */,
				736E7E739A43A320EB42A2B4 /* [CP] Copy Pods Resources */,
			);
			buildRules = (
			);
			dependencies = (
			);
			name = TellMe;
			productName = TellMe;
			productReference = 9678E1A01DE0D1A9002ED21A /* TellMe.app */;
			productType = "com.apple.product-type.application";
		};
/* End PBXNativeTarget section */

/* Begin PBXProject section */
		9678E1981DE0D1A9002ED21A /* Project object */ = {
			isa = PBXProject;
			attributes = {
				LastUpgradeCheck = 0810;
				ORGANIZATIONNAME = "Juncheng Han";
				TargetAttributes = {
					9678E19F1DE0D1A9002ED21A = {
						CreatedOnToolsVersion = 8.1;
						DevelopmentTeam = 99JD5A3A8H;
						ProvisioningStyle = Automatic;
					};
				};
			};
			buildConfigurationList = 9678E19B1DE0D1A9002ED21A /* Build configuration list for PBXProject "TellMe" */;
			compatibilityVersion = "Xcode 3.2";
			developmentRegion = English;
			hasScannedForEncodings = 0;
			knownRegions = (
				en,
				Base,
			);
			mainGroup = 9678E1971DE0D1A9002ED21A;
			productRefGroup = 9678E1A11DE0D1A9002ED21A /* Products */;
			projectDirPath = "";
			projectRoot = "";
			targets = (
				9678E19F1DE0D1A9002ED21A /* TellMe */,
			);
		};
/* End PBXProject section */

/* Begin PBXResourcesBuildPhase section */
		9678E19E1DE0D1A9002ED21A /* Resources */ = {
			isa = PBXResourcesBuildPhase;
			buildActionMask = 2147483647;
			files = (
				9678E1B31DE0D1A9002ED21A /* LaunchScreen.storyboard in Resources */,
				9678E1B01DE0D1A9002ED21A /* Assets.xcassets in Resources */,
				9678E1AE1DE0D1A9002ED21A /* Main.storyboard in Resources */,
			);
			runOnlyForDeploymentPostprocessing = 0;
		};
/* End PBXResourcesBuildPhase section */

/* Begin PBXShellScriptBuildPhase section */
		736E7E739A43A320EB42A2B4 /* [CP] Copy Pods Resources */ = {
			isa = PBXShellScriptBuildPhase;
			buildActionMask = 2147483647;
			files = (
			);
			inputPaths = (
			);
			name = "[CP] Copy Pods Resources";
			outputPaths = (
			);
			runOnlyForDeploymentPostprocessing = 0;
			shellPath = /bin/sh;
			shellScript = "\"${SRCROOT}/Pods/Target Support Files/Pods-TellMe/Pods-TellMe-resources.sh\"\n";
			showEnvVarsInLog = 0;
		};
		CDA76B59317559B462E5F8DA /* [CP] Embed Pods Frameworks */ = {
			isa = PBXShellScriptBuildPhase;
			buildActionMask = 2147483647;
			files = (
			);
			inputPaths = (
			);
			name = "[CP] Embed Pods Frameworks";
			outputPaths = (
			);
			runOnlyForDeploymentPostprocessing = 0;
			shellPath = /bin/sh;
			shellScript = "\"${SRCROOT}/Pods/Target Support Files/Pods-TellMe/Pods-TellMe-frameworks.sh\"\n";
			showEnvVarsInLog = 0;
		};
		D87BDA40F8BF703F3758CBC2 /* [CP] Check Pods Manifest.lock */ = {
			isa = PBXShellScriptBuildPhase;
			buildActionMask = 2147483647;
			files = (
			);
			inputPaths = (
			);
			name = "[CP] Check Pods Manifest.lock";
			outputPaths = (
			);
			runOnlyForDeploymentPostprocessing = 0;
			shellPath = /bin/sh;
			shellScript = "diff \"${PODS_ROOT}/../Podfile.lock\" \"${PODS_ROOT}/Manifest.lock\" > /dev/null\nif [ $? != 0 ] ; then\n    # print error to STDERR\n    echo \"error: The sandbox is not in sync with the Podfile.lock. Run 'pod install' or update your CocoaPods installation.\" >&2\n    exit 1\nfi\n";
			showEnvVarsInLog = 0;
		};
/* End PBXShellScriptBuildPhase section */

/* Begin PBXSourcesBuildPhase section */
		9678E19C1DE0D1A9002ED21A /* Sources */ = {
			isa = PBXSourcesBuildPhase;
			buildActionMask = 2147483647;
			files = (
				9678E1BC1DE0D684002ED21A /* NotificationTableViewController.m in Sources */,
				9678E1DD1DE104F1002ED21A /* StoreHelper.m in Sources */,
				9678E1A81DE0D1A9002ED21A /* AppDelegate.m in Sources */,
				9678E1A51DE0D1A9002ED21A /* main.m in Sources */,
				9678E1E31DE131ED002ED21A /* UIView+Toast.m in Sources */,
				9678E1BF1DE0D697002ED21A /* OkayTableViewController.m in Sources */,
				9678E1C21DE0D6B0002ED21A /* NotOkayTableViewController.m in Sources */,
			);
			runOnlyForDeploymentPostprocessing = 0;
		};
/* End PBXSourcesBuildPhase section */

/* Begin PBXVariantGroup section */
		9678E1AC1DE0D1A9002ED21A /* Main.storyboard */ = {
			isa = PBXVariantGroup;
			children = (
				9678E1AD1DE0D1A9002ED21A /* Base */,
			);
			name = Main.storyboard;
			sourceTree = "<group>";
		};
		9678E1B11DE0D1A9002ED21A /* LaunchScreen.storyboard */ = {
			isa = PBXVariantGroup;
			children = (
				9678E1B21DE0D1A9002ED21A /* Base */,
			);
			name = LaunchScreen.storyboard;
			sourceTree = "<group>";
		};
/* End PBXVariantGroup section */

/* Begin XCBuildConfiguration section */
		9678E1B51DE0D1A9002ED21A /* Debug */ = {
			isa = XCBuildConfiguration;
			buildSettings = {
				ALWAYS_SEARCH_USER_PATHS = NO;
				CLANG_ANALYZER_NONNULL = YES;
				CLANG_CXX_LANGUAGE_STANDARD = "gnu++0x";
				CLANG_CXX_LIBRARY = "libc++";
				CLANG_ENABLE_MODULES = YES;
				CLANG_ENABLE_OBJC_ARC = YES;
				CLANG_WARN_BOOL_CONVERSION = YES;
				CLANG_WARN_CONSTANT_CONVERSION = YES;
				CLANG_WARN_DIRECT_OBJC_ISA_USAGE = YES_ERROR;
				CLANG_WARN_DOCUMENTATION_COMMENTS = YES;
				CLANG_WARN_EMPTY_BODY = YES;
				CLANG_WARN_ENUM_CONVERSION = YES;
				CLANG_WARN_INFINITE_RECURSION = YES;
				CLANG_WARN_INT_CONVERSION = YES;
				CLANG_WARN_OBJC_ROOT_CLASS = YES_ERROR;
				CLANG_WARN_SUSPICIOUS_MOVES = YES;
				CLANG_WARN_UNREACHABLE_CODE = YES;
				CLANG_WARN__DUPLICATE_METHOD_MATCH = YES;
				"CODE_SIGN_IDENTITY[sdk=iphoneos*]" = "iPhone Developer";
				COPY_PHASE_STRIP = NO;
				DEBUG_INFORMATION_FORMAT = dwarf;
				ENABLE_STRICT_OBJC_MSGSEND = YES;
				ENABLE_TESTABILITY = YES;
				GCC_C_LANGUAGE_STANDARD = gnu99;
				GCC_DYNAMIC_NO_PIC = NO;
				GCC_NO_COMMON_BLOCKS = YES;
				GCC_OPTIMIZATION_LEVEL = 0;
				GCC_PREPROCESSOR_DEFINITIONS = (
					"DEBUG=1",
					"$(inherited)",
				);
				GCC_WARN_64_TO_32_BIT_CONVERSION = YES;
				GCC_WARN_ABOUT_RETURN_TYPE = YES_ERROR;
				GCC_WARN_UNDECLARED_SELECTOR = YES;
				GCC_WARN_UNINITIALIZED_AUTOS = YES_AGGRESSIVE;
				GCC_WARN_UNUSED_FUNCTION = YES;
				GCC_WARN_UNUSED_VARIABLE = YES;
				IPHONEOS_DEPLOYMENT_TARGET = 8.0;
				MTL_ENABLE_DEBUG_INFO = YES;
				ONLY_ACTIVE_ARCH = YES;
				SDKROOT = iphoneos;
				TARGETED_DEVICE_FAMILY = "1,2";
			};
			name = Debug;
		};
		9678E1B61DE0D1A9002ED21A /* Release */ = {
			isa = XCBuildConfiguration;
			buildSettings = {
				ALWAYS_SEARCH_USER_PATHS = NO;
				CLANG_ANALYZER_NONNULL = YES;
				CLANG_CXX_LANGUAGE_STANDARD = "gnu++0x";
				CLANG_CXX_LIBRARY = "libc++";
				CLANG_ENABLE_MODULES = YES;
				CLANG_ENABLE_OBJC_ARC = YES;
				CLANG_WARN_BOOL_CONVERSION = YES;
				CLANG_WARN_CONSTANT_CONVERSION = YES;
				CLANG_WARN_DIRECT_OBJC_ISA_USAGE = YES_ERROR;
				CLANG_WARN_DOCUMENTATION_COMMENTS = YES;
				CLANG_WARN_EMPTY_BODY = YES;
				CLANG_WARN_ENUM_CONVERSION = YES;
				CLANG_WARN_INFINITE_RECURSION = YES;
				CLANG_WARN_INT_CONVERSION = YES;
				CLANG_WARN_OBJC_ROOT_CLASS = YES_ERROR;
				CLANG_WARN_SUSPICIOUS_MOVES = YES;
				CLANG_WARN_UNREACHABLE_CODE = YES;
				CLANG_WARN__DUPLICATE_METHOD_MATCH = YES;
				"CODE_SIGN_IDENTITY[sdk=iphoneos*]" = "iPhone Developer";
				COPY_PHASE_STRIP = NO;
				DEBUG_INFORMATION_FORMAT = "dwarf-with-dsym";
				ENABLE_NS_ASSERTIONS = NO;
				ENABLE_STRICT_OBJC_MSGSEND = YES;
				GCC_C_LANGUAGE_STANDARD = gnu99;
				GCC_NO_COMMON_BLOCKS = YES;
				GCC_WARN_64_TO_32_BIT_CONVERSION = YES;
				GCC_WARN_ABOUT_RETURN_TYPE = YES_ERROR;
				GCC_WARN_UNDECLARED_SELECTOR = YES;
				GCC_WARN_UNINITIALIZED_AUTOS = YES_AGGRESSIVE;
				GCC_WARN_UNUSED_FUNCTION = YES;
				GCC_WARN_UNUSED_VARIABLE = YES;
				IPHONEOS_DEPLOYMENT_TARGET = 8.0;
				MTL_ENABLE_DEBUG_INFO = NO;
				SDKROOT = iphoneos;
				TARGETED_DEVICE_FAMILY = "1,2";
				VALIDATE_PRODUCT = YES;
			};
			name = Release;
		};
		9678E1B81DE0D1A9002ED21A /* Debug */ = {
			isa = XCBuildConfiguration;
			baseConfigurationReference = 97408AA68A349FE858DF3AF1 /* Pods-TellMe.debug.xcconfig */;
			buildSettings = {
				ASSETCATALOG_COMPILER_APPICON_NAME = AppIcon;
				DEVELOPMENT_TEAM = 99JD5A3A8H;
				INFOPLIST_FILE = TellMe/Info.plist;
				IPHONEOS_DEPLOYMENT_TARGET = 10.1;
				LD_RUNPATH_SEARCH_PATHS = "$(inherited) @executable_path/Frameworks";
				PRODUCT_BUNDLE_IDENTIFIER = "com.dev-camp.app";
				PRODUCT_NAME = "$(TARGET_NAME)";
			};
			name = Debug;
		};
		9678E1B91DE0D1A9002ED21A /* Release */ = {
			isa = XCBuildConfiguration;
			baseConfigurationReference = AA752C7CD99359E43BFA6899 /* Pods-TellMe.release.xcconfig */;
			buildSettings = {
				ASSETCATALOG_COMPILER_APPICON_NAME = AppIcon;
				DEVELOPMENT_TEAM = 99JD5A3A8H;
				INFOPLIST_FILE = TellMe/Info.plist;
				IPHONEOS_DEPLOYMENT_TARGET = 10.1;
				LD_RUNPATH_SEARCH_PATHS = "$(inherited) @executable_path/Frameworks";
				PRODUCT_BUNDLE_IDENTIFIER = "com.dev-camp.app";
				PRODUCT_NAME = "$(TARGET_NAME)";
			};
			name = Release;
		};
/* End XCBuildConfiguration section */

/* Begin XCConfigurationList section */
		9678E19B1DE0D1A9002ED21A /* Build configuration list for PBXProject "TellMe" */ = {
			isa = XCConfigurationList;
			buildConfigurations = (
				9678E1B51DE0D1A9002ED21A /* Debug */,
				9678E1B61DE0D1A9002ED21A /* Release */,
			);
			defaultConfigurationIsVisible = 0;
			defaultConfigurationName = Release;
		};
		9678E1B71DE0D1A9002ED21A /* Build configuration list for PBXNativeTarget "TellMe" */ = {
			isa = XCConfigurationList;
			buildConfigurations = (
				9678E1B81DE0D1A9002ED21A /* Debug */,
				9678E1B91DE0D1A9002ED21A /* Release */,
			);
			defaultConfigurationIsVisible = 0;
			defaultConfigurationName = Release;
		};
/* End XCConfigurationList section */
	};
	rootObject = 9678E1981DE0D1A9002ED21A /* Project object */;
}
